
Microsoft Visual Studio Solution File, Format Version 12.00
# Visual Studio 15
VisualStudioVersion = 15.0.26730.12
MinimumVisualStudioVersion = 10.0.40219.1
Project("{FAE04EC0-301F-11D3-BF4B-00C04F79EFBC}") = "CourseApp.Web", "CourseApp.Web\CourseApp.Web.csproj", "{F79B68C0-F5D3-4232-9AA7-C839EA77737A}"
EndProject
Global
	GlobalSection(SolutionConfigurationPlatforms) = preSolution
		Debug|Any CPU = Debug|Any CPU
		Release|Any CPU = Release|Any CPU
	EndGlobalSection
	GlobalSection(ProjectConfigurationPlatforms) = postSolution
		{F79B68C0-F5D3-4232-9AA7-C839EA77737A}.Debug|Any CPU.ActiveCfg = Debug|Any CPU
		{F79B68C0-F5D3-4232-9AA7-C839EA77737A}.Debug|Any CPU.Build.0 = Debug|Any CPU
		{F79B68C0-F5D3-4232-9AA7-C839EA77737A}.Release|Any CPU.ActiveCfg = Release|Any CPU
		{F79B68C0-F5D3-4232-9AA7-C839EA77737A}.Release|Any CPU.Build.0 = Release|Any CPU
	EndGlobalSection
	GlobalSection(SolutionProperties) = preSolution
		HideSolutionNode = FALSE
	EndGlobalSection
	GlobalSection(ExtensibilityGlobals) = postSolution
		SolutionGuid = {491F1796-7B41-4485-A3B2-A156295E2637}
	EndGlobalSection
EndGlobal
